
Microsoft Visual Studio Solution File, Format Version 12.00
# Visual Studio Version 16
VisualStudioVersion = 16.0.31911.196
MinimumVisualStudioVersion = 10.0.40219.1
Project("{9A19103F-16F7-4668-BE54-9A1E7A4F7556}") = "Linkedin-bot", "Linkedin-bot\Linkedin-bot.csproj", "{0F6233C8-1AF8-48E4-AA1D-3FC0858365EE}"
EndProject
Project("{9A19103F-16F7-4668-BE54-9A1E7A4F7556}") = "Test-Linkeding-bot", "Test-Linkeding-bot\Test-Linkeding-bot.csproj", "{FBB3A40E-773A-494B-AF16-8DB2CF01AAD1}"
EndProject
Project("{9A19103F-16F7-4668-BE54-9A1E7A4F7556}") = "Linkedin.Net", "Linkedin.Net\Linkedin.Net.csproj", "{830391A0-ED57-4B52-941D-EAB598619149}"
EndProject
Project("{9A19103F-16F7-4668-BE54-9A1E7A4F7556}") = "Linkedin-Insert-Data", "Linkedin-Insert-Data\Linkedin-Insert-Data.csproj", "{77B82295-50D7-48E5-9711-8331ABCBE626}"
EndProject
Project("{9A19103F-16F7-4668-BE54-9A1E7A4F7556}") = "Linkedin-App-Center", "Linkedin-App-Center\Linkedin-App-Center.csproj", "{31D5500A-E75C-430E-9734-56B2067712CF}"
EndProject
Project("{9A19103F-16F7-4668-BE54-9A1E7A4F7556}") = "Linkedin.Net.Test", "Linkedin.Net.Test\Linkedin.Net.Test.csproj", "{220A62DA-3354-4F86-89E0-5F42770E4A85}"
EndProject
Project("{9A19103F-16F7-4668-BE54-9A1E7A4F7556}") = "Linkedin.Net.Models", "Linkedin.Net.Models\Linkedin.Net.Models.csproj", "{1CFD5CFA-32D5-4D88-AD3E-0D93AE0C6F3B}"
EndProject
Project("{9A19103F-16F7-4668-BE54-9A1E7A4F7556}") = "Linkedin-Web-Scraping", "Linkedin-Web-Scraping\Linkedin-Web-Scraping.csproj", "{581F7450-B874-49B1-A329-38F9A0574CBE}"
EndProject
Project("{9A19103F-16F7-4668-BE54-9A1E7A4F7556}") = "Linkedin-Data-Clean", "Linkedin-Data-Clean\Linkedin-Data-Clean.csproj", "{4BC670FD-B5CD-40DD-BE1B-1708C10B0AE0}"
EndProject
Project("{9A19103F-16F7-4668-BE54-9A1E7A4F7556}") = "Linkeding-Bot-Telegram", "Linkeding-Bot-Telegram\Linkeding-Bot-Telegram.csproj", "{808DFDDE-A8C7-4B18-8D58-3AEB1177EC88}"
EndProject
Project("{9A19103F-16F7-4668-BE54-9A1E7A4F7556}") = "Linkedin-Notification-Bot", "Linkedin-Notification-Bot\Linkedin-Notification-Bot.csproj", "{9810823C-91C0-4035-B9F0-AE7FD357BB22}"
EndProject
Project("{FAE04EC0-301F-11D3-BF4B-00C04F79EFBC}") = "Linkedin-Bot-Remove", "Linkedin-Bot-Remove\Linkedin-Bot-Remove.csproj", "{093F47EA-8F44-471B-B859-6DE8F010E329}"
EndProject
Project("{2150E333-8FDC-42A3-9474-1A3956D46DE8}") = "Snovio-bot", "Snovio-bot", "{041FF3B5-C523-45DF-8BBD-577FEA0388DC}"
EndProject
Project("{FAE04EC0-301F-11D3-BF4B-00C04F79EFBC}") = "SnovIo-api", "SnovIo-api\SnovIo-api.csproj", "{455C3597-905C-4AC5-9EA4-303D0384E0A4}"
EndProject
Global
	GlobalSection(SolutionConfigurationPlatforms) = preSolution
		Debug|Any CPU = Debug|Any CPU
		Debug|ARM = Debug|ARM
		Debug|ARM64 = Debug|ARM64
		Debug|x64 = Debug|x64
		Debug|x86 = Debug|x86
		Release|Any CPU = Release|Any CPU
		Release|ARM = Release|ARM
		Release|ARM64 = Release|ARM64
		Release|x64 = Release|x64
		Release|x86 = Release|x86
	EndGlobalSection
	GlobalSection(ProjectConfigurationPlatforms) = postSolution
		{0F6233C8-1AF8-48E4-AA1D-3FC0858365EE}.Debug|Any CPU.ActiveCfg = Debug|Any CPU
		{0F6233C8-1AF8-48E4-AA1D-3FC0858365EE}.Debug|Any CPU.Build.0 = Debug|Any CPU
		{0F6233C8-1AF8-48E4-AA1D-3FC0858365EE}.Debug|ARM.ActiveCfg = Debug|Any CPU
		{0F6233C8-1AF8-48E4-AA1D-3FC0858365EE}.Debug|ARM.Build.0 = Debug|Any CPU
		{0F6233C8-1AF8-48E4-AA1D-3FC0858365EE}.Debug|ARM64.ActiveCfg = Debug|Any CPU
		{0F6233C8-1AF8-48E4-AA1D-3FC0858365EE}.Debug|ARM64.Build.0 = Debug|Any CPU
		{0F6233C8-1AF8-48E4-AA1D-3FC0858365EE}.Debug|x64.ActiveCfg = Debug|x64
		{0F6233C8-1AF8-48E4-AA1D-3FC0858365EE}.Debug|x64.Build.0 = Debug|x64
		{0F6233C8-1AF8-48E4-AA1D-3FC0858365EE}.Debug|x86.ActiveCfg = Debug|Any CPU
		{0F6233C8-1AF8-48E4-AA1D-3FC0858365EE}.Debug|x86.Build.0 = Debug|Any CPU
		{0F6233C8-1AF8-48E4-AA1D-3FC0858365EE}.Release|Any CPU.ActiveCfg = Release|Any CPU
		{0F6233C8-1AF8-48E4-AA1D-3FC0858365EE}.Release|Any CPU.Build.0 = Release|Any CPU
		{0F6233C8-1AF8-48E4-AA1D-3FC0858365EE}.Release|ARM.ActiveCfg = Release|Any CPU
		{0F6233C8-1AF8-48E4-AA1D-3FC0858365EE}.Release|ARM.Build.0 = Release|Any CPU
		{0F6233C8-1AF8-48E4-AA1D-3FC0858365EE}.Release|ARM64.ActiveCfg = Release|Any CPU
		{0F6233C8-1AF8-48E4-AA1D-3FC0858365EE}.Release|ARM64.Build.0 = Release|Any CPU
		{0F6233C8-1AF8-48E4-AA1D-3FC0858365EE}.Release|x64.ActiveCfg = Release|x64
		{0F6233C8-1AF8-48E4-AA1D-3FC0858365EE}.Release|x64.Build.0 = Release|x64
		{0F6233C8-1AF8-48E4-AA1D-3FC0858365EE}.Release|x86.ActiveCfg = Release|Any CPU
		{0F6233C8-1AF8-48E4-AA1D-3FC0858365EE}.Release|x86.Build.0 = Release|Any CPU
		{FBB3A40E-773A-494B-AF16-8DB2CF01AAD1}.Debug|Any CPU.ActiveCfg = Debug|Any CPU
		{FBB3A40E-773A-494B-AF16-8DB2CF01AAD1}.Debug|Any CPU.Build.0 = Debug|Any CPU
		{FBB3A40E-773A-494B-AF16-8DB2CF01AAD1}.Debug|ARM.ActiveCfg = Debug|Any CPU
		{FBB3A40E-773A-494B-AF16-8DB2CF01AAD1}.Debug|ARM.Build.0 = Debug|Any CPU
		{FBB3A40E-773A-494B-AF16-8DB2CF01AAD1}.Debug|ARM64.ActiveCfg = Debug|Any CPU
		{FBB3A40E-773A-494B-AF16-8DB2CF01AAD1}.Debug|ARM64.Build.0 = Debug|Any CPU
		{FBB3A40E-773A-494B-AF16-8DB2CF01AAD1}.Debug|x64.ActiveCfg = Debug|Any CPU
		{FBB3A40E-773A-494B-AF16-8DB2CF01AAD1}.Debug|x64.Build.0 = Debug|Any CPU
		{FBB3A40E-773A-494B-AF16-8DB2CF01AAD1}.Debug|x86.ActiveCfg = Debug|Any CPU
		{FBB3A40E-773A-494B-AF16-8DB2CF01AAD1}.Debug|x86.Build.0 = Debug|Any CPU
		{FBB3A40E-773A-494B-AF16-8DB2CF01AAD1}.Release|Any CPU.ActiveCfg = Release|Any CPU
		{FBB3A40E-773A-494B-AF16-8DB2CF01AAD1}.Release|Any CPU.Build.0 = Release|Any CPU
		{FBB3A40E-773A-494B-AF16-8DB2CF01AAD1}.Release|ARM.ActiveCfg = Release|Any CPU
		{FBB3A40E-773A-494B-AF16-8DB2CF01AAD1}.Release|ARM.Build.0 = Release|Any CPU
		{FBB3A40E-773A-494B-AF16-8DB2CF01AAD1}.Release|ARM64.ActiveCfg = Release|Any CPU
		{FBB3A40E-773A-494B-AF16-8DB2CF01AAD1}.Release|ARM64.Build.0 = Release|Any CPU
		{FBB3A40E-773A-494B-AF16-8DB2CF01AAD1}.Release|x64.ActiveCfg = Release|Any CPU
		{FBB3A40E-773A-494B-AF16-8DB2CF01AAD1}.Release|x64.Build.0 = Release|Any CPU
		{FBB3A40E-773A-494B-AF16-8DB2CF01AAD1}.Release|x86.ActiveCfg = Release|Any CPU
		{FBB3A40E-773A-494B-AF16-8DB2CF01AAD1}.Release|x86.Build.0 = Release|Any CPU
		{830391A0-ED57-4B52-941D-EAB598619149}.Debug|Any CPU.ActiveCfg = Debug|Any CPU
		{830391A0-ED57-4B52-941D-EAB598619149}.Debug|Any CPU.Build.0 = Debug|Any CPU
		{830391A0-ED57-4B52-941D-EAB598619149}.Debug|ARM.ActiveCfg = Debug|Any CPU
		{830391A0-ED57-4B52-941D-EAB598619149}.Debug|ARM.Build.0 = Debug|Any CPU
		{830391A0-ED57-4B52-941D-EAB598619149}.Debug|ARM64.ActiveCfg = Debug|Any CPU
		{830391A0-ED57-4B52-941D-EAB598619149}.Debug|ARM64.Build.0 = Debug|Any CPU
		{830391A0-ED57-4B52-941D-EAB598619149}.Debug|x64.ActiveCfg = Debug|Any CPU
		{830391A0-ED57-4B52-941D-EAB598619149}.Debug|x64.Build.0 = Debug|Any CPU
		{830391A0-ED57-4B52-941D-EAB598619149}.Debug|x86.ActiveCfg = Debug|Any CPU
		{830391A0-ED57-4B52-941D-EAB598619149}.Debug|x86.Build.0 = Debug|Any CPU
		{830391A0-ED57-4B52-941D-EAB598619149}.Release|Any CPU.ActiveCfg = Release|Any CPU
		{830391A0-ED57-4B52-941D-EAB598619149}.Release|Any CPU.Build.0 = Release|Any CPU
		{830391A0-ED57-4B52-941D-EAB598619149}.Release|ARM.ActiveCfg = Release|Any CPU
		{830391A0-ED57-4B52-941D-EAB598619149}.Release|ARM.Build.0 = Release|Any CPU
		{830391A0-ED57-4B52-941D-EAB598619149}.Release|ARM64.ActiveCfg = Release|Any CPU
		{830391A0-ED57-4B52-941D-EAB598619149}.Release|ARM64.Build.0 = Release|Any CPU
		{830391A0-ED57-4B52-941D-EAB598619149}.Release|x64.ActiveCfg = Release|Any CPU
		{830391A0-ED57-4B52-941D-EAB598619149}.Release|x64.Build.0 = Release|Any CPU
		{830391A0-ED57-4B52-941D-EAB598619149}.Release|x86.ActiveCfg = Release|Any CPU
		{830391A0-ED57-4B52-941D-EAB598619149}.Release|x86.Build.0 = Release|Any CPU
		{77B82295-50D7-48E5-9711-8331ABCBE626}.Debug|Any CPU.ActiveCfg = Debug|Any CPU
		{77B82295-50D7-48E5-9711-8331ABCBE626}.Debug|Any CPU.Build.0 = Debug|Any CPU
		{77B82295-50D7-48E5-9711-8331ABCBE626}.Debug|ARM.ActiveCfg = Debug|Any CPU
		{77B82295-50D7-48E5-9711-8331ABCBE626}.Debug|ARM.Build.0 = Debug|Any CPU
		{77B82295-50D7-48E5-9711-8331ABCBE626}.Debug|ARM64.ActiveCfg = Debug|Any CPU
		{77B82295-50D7-48E5-9711-8331ABCBE626}.Debug|ARM64.Build.0 = Debug|Any CPU
		{77B82295-50D7-48E5-9711-8331ABCBE626}.Debug|x64.ActiveCfg = Debug|Any CPU
		{77B82295-50D7-48E5-9711-8331ABCBE626}.Debug|x64.Build.0 = Debug|Any CPU
		{77B82295-50D7-48E5-9711-8331ABCBE626}.Debug|x86.ActiveCfg = Debug|Any CPU
		{77B82295-50D7-48E5-9711-8331ABCBE626}.Debug|x86.Build.0 = Debug|Any CPU
		{77B82295-50D7-48E5-9711-8331ABCBE626}.Release|Any CPU.ActiveCfg = Release|Any CPU
		{77B82295-50D7-48E5-9711-8331ABCBE626}.Release|Any CPU.Build.0 = Release|Any CPU
		{77B82295-50D7-48E5-9711-8331ABCBE626}.Release|ARM.ActiveCfg = Release|Any CPU
		{77B82295-50D7-48E5-9711-8331ABCBE626}.Release|ARM.Build.0 = Release|Any CPU
		{77B82295-50D7-48E5-9711-8331ABCBE626}.Release|ARM64.ActiveCfg = Release|Any CPU
		{77B82295-50D7-48E5-9711-8331ABCBE626}.Release|ARM64.Build.0 = Release|Any CPU
		{77B82295-50D7-48E5-9711-8331ABCBE626}.Release|x64.ActiveCfg = Release|Any CPU
		{77B82295-50D7-48E5-9711-8331ABCBE626}.Release|x64.Build.0 = Release|Any CPU
		{77B82295-50D7-48E5-9711-8331ABCBE626}.Release|x86.ActiveCfg = Release|Any CPU
		{77B82295-50D7-48E5-9711-8331ABCBE626}.Release|x86.Build.0 = Release|Any CPU
		{31D5500A-E75C-430E-9734-56B2067712CF}.Debug|Any CPU.ActiveCfg = Debug|Any CPU
		{31D5500A-E75C-430E-9734-56B2067712CF}.Debug|Any CPU.Build.0 = Debug|Any CPU
		{31D5500A-E75C-430E-9734-56B2067712CF}.Debug|ARM.ActiveCfg = Debug|Any CPU
		{31D5500A-E75C-430E-9734-56B2067712CF}.Debug|ARM.Build.0 = Debug|Any CPU
		{31D5500A-E75C-430E-9734-56B2067712CF}.Debug|ARM64.ActiveCfg = Debug|Any CPU
		{31D5500A-E75C-430E-9734-56B2067712CF}.Debug|ARM64.Build.0 = Debug|Any CPU
		{31D5500A-E75C-430E-9734-56B2067712CF}.Debug|x64.ActiveCfg = Debug|Any CPU
		{31D5500A-E75C-430E-9734-56B2067712CF}.Debug|x64.Build.0 = Debug|Any CPU
		{31D5500A-E75C-430E-9734-56B2067712CF}.Debug|x86.ActiveCfg = Debug|Any CPU
		{31D5500A-E75C-430E-9734-56B2067712CF}.Debug|x86.Build.0 = Debug|Any CPU
		{31D5500A-E75C-430E-9734-56B2067712CF}.Release|Any CPU.ActiveCfg = Release|Any CPU
		{31D5500A-E75C-430E-9734-56B2067712CF}.Release|Any CPU.Build.0 = Release|Any CPU
		{31D5500A-E75C-430E-9734-56B2067712CF}.Release|ARM.ActiveCfg = Release|Any CPU
		{31D5500A-E75C-430E-9734-56B2067712CF}.Release|ARM.Build.0 = Release|Any CPU
		{31D5500A-E75C-430E-9734-56B2067712CF}.Release|ARM64.ActiveCfg = Release|Any CPU
		{31D5500A-E75C-430E-9734-56B2067712CF}.Release|ARM64.Build.0 = Release|Any CPU
		{31D5500A-E75C-430E-9734-56B2067712CF}.Release|x64.ActiveCfg = Release|Any CPU
		{31D5500A-E75C-430E-9734-56B2067712CF}.Release|x64.Build.0 = Release|Any CPU
		{31D5500A-E75C-430E-9734-56B2067712CF}.Release|x86.ActiveCfg = Release|Any CPU
		{31D5500A-E75C-430E-9734-56B2067712CF}.Release|x86.Build.0 = Release|Any CPU
		{220A62DA-3354-4F86-89E0-5F42770E4A85}.Debug|Any CPU.ActiveCfg = Debug|Any CPU
		{220A62DA-3354-4F86-89E0-5F42770E4A85}.Debug|Any CPU.Build.0 = Debug|Any CPU
		{220A62DA-3354-4F86-89E0-5F42770E4A85}.Debug|ARM.ActiveCfg = Debug|Any CPU
		{220A62DA-3354-4F86-89E0-5F42770E4A85}.Debug|ARM.Build.0 = Debug|Any CPU
		{220A62DA-3354-4F86-89E0-5F42770E4A85}.Debug|ARM64.ActiveCfg = Debug|Any CPU
		{220A62DA-3354-4F86-89E0-5F42770E4A85}.Debug|ARM64.Build.0 = Debug|Any CPU
		{220A62DA-3354-4F86-89E0-5F42770E4A85}.Debug|x64.ActiveCfg = Debug|Any CPU
		{220A62DA-3354-4F86-89E0-5F42770E4A85}.Debug|x64.Build.0 = Debug|Any CPU
		{220A62DA-3354-4F86-89E0-5F42770E4A85}.Debug|x86.ActiveCfg = Debug|Any CPU
		{220A62DA-3354-4F86-89E0-5F42770E4A85}.Debug|x86.Build.0 = Debug|Any CPU
		{220A62DA-3354-4F86-89E0-5F42770E4A85}.Release|Any CPU.ActiveCfg = Release|Any CPU
		{220A62DA-3354-4F86-89E0-5F42770E4A85}.Release|Any CPU.Build.0 = Release|Any CPU
		{220A62DA-3354-4F86-89E0-5F42770E4A85}.Release|ARM.ActiveCfg = Release|Any CPU
		{220A62DA-3354-4F86-89E0-5F42770E4A85}.Release|ARM.Build.0 = Release|Any CPU
		{220A62DA-3354-4F86-89E0-5F42770E4A85}.Release|ARM64.ActiveCfg = Release|Any CPU
		{220A62DA-3354-4F86-89E0-5F42770E4A85}.Release|ARM64.Build.0 = Release|Any CPU
		{220A62DA-3354-4F86-89E0-5F42770E4A85}.Release|x64.ActiveCfg = Release|Any CPU
		{220A62DA-3354-4F86-89E0-5F42770E4A85}.Release|x64.Build.0 = Release|Any CPU
		{220A62DA-3354-4F86-89E0-5F42770E4A85}.Release|x86.ActiveCfg = Release|Any CPU
		{220A62DA-3354-4F86-89E0-5F42770E4A85}.Release|x86.Build.0 = Release|Any CPU
		{1CFD5CFA-32D5-4D88-AD3E-0D93AE0C6F3B}.Debug|Any CPU.ActiveCfg = Debug|Any CPU
		{1CFD5CFA-32D5-4D88-AD3E-0D93AE0C6F3B}.Debug|Any CPU.Build.0 = Debug|Any CPU
		{1CFD5CFA-32D5-4D88-AD3E-0D93AE0C6F3B}.Debug|ARM.ActiveCfg = Debug|Any CPU
		{1CFD5CFA-32D5-4D88-AD3E-0D93AE0C6F3B}.Debug|ARM.Build.0 = Debug|Any CPU
		{1CFD5CFA-32D5-4D88-AD3E-0D93AE0C6F3B}.Debug|ARM64.ActiveCfg = Debug|Any CPU
		{1CFD5CFA-32D5-4D88-AD3E-0D93AE0C6F3B}.Debug|ARM64.Build.0 = Debug|Any CPU
		{1CFD5CFA-32D5-4D88-AD3E-0D93AE0C6F3B}.Debug|x64.ActiveCfg = Debug|Any CPU
		{1CFD5CFA-32D5-4D88-AD3E-0D93AE0C6F3B}.Debug|x64.Build.0 = Debug|Any CPU
		{1CFD5CFA-32D5-4D88-AD3E-0D93AE0C6F3B}.Debug|x86.ActiveCfg = Debug|Any CPU
		{1CFD5CFA-32D5-4D88-AD3E-0D93AE0C6F3B}.Debug|x86.Build.0 = Debug|Any CPU
		{1CFD5CFA-32D5-4D88-AD3E-0D93AE0C6F3B}.Release|Any CPU.ActiveCfg = Release|Any CPU
		{1CFD5CFA-32D5-4D88-AD3E-0D93AE0C6F3B}.Release|Any CPU.Build.0 = Release|Any CPU
		{1CFD5CFA-32D5-4D88-AD3E-0D93AE0C6F3B}.Release|ARM.ActiveCfg = Release|Any CPU
		{1CFD5CFA-32D5-4D88-AD3E-0D93AE0C6F3B}.Release|ARM.Build.0 = Release|Any CPU
		{1CFD5CFA-32D5-4D88-AD3E-0D93AE0C6F3B}.Release|ARM64.ActiveCfg = Release|Any CPU
		{1CFD5CFA-32D5-4D88-AD3E-0D93AE0C6F3B}.Release|ARM64.Build.0 = Release|Any CPU
		{1CFD5CFA-32D5-4D88-AD3E-0D93AE0C6F3B}.Release|x64.ActiveCfg = Release|Any CPU
		{1CFD5CFA-32D5-4D88-AD3E-0D93AE0C6F3B}.Release|x64.Build.0 = Release|Any CPU
		{1CFD5CFA-32D5-4D88-AD3E-0D93AE0C6F3B}.Release|x86.ActiveCfg = Release|Any CPU
		{1CFD5CFA-32D5-4D88-AD3E-0D93AE0C6F3B}.Release|x86.Build.0 = Release|Any CPU
		{581F7450-B874-49B1-A329-38F9A0574CBE}.Debug|Any CPU.ActiveCfg = Debug|Any CPU
		{581F7450-B874-49B1-A329-38F9A0574CBE}.Debug|Any CPU.Build.0 = Debug|Any CPU
		{581F7450-B874-49B1-A329-38F9A0574CBE}.Debug|ARM.ActiveCfg = Debug|Any CPU
		{581F7450-B874-49B1-A329-38F9A0574CBE}.Debug|ARM.Build.0 = Debug|Any CPU
		{581F7450-B874-49B1-A329-38F9A0574CBE}.Debug|ARM64.ActiveCfg = Debug|Any CPU
		{581F7450-B874-49B1-A329-38F9A0574CBE}.Debug|ARM64.Build.0 = Debug|Any CPU
		{581F7450-B874-49B1-A329-38F9A0574CBE}.Debug|x64.ActiveCfg = Debug|Any CPU
		{581F7450-B874-49B1-A329-38F9A0574CBE}.Debug|x64.Build.0 = Debug|Any CPU
		{581F7450-B874-49B1-A329-38F9A0574CBE}.Debug|x86.ActiveCfg = Debug|Any CPU
		{581F7450-B874-49B1-A329-38F9A0574CBE}.Debug|x86.Build.0 = Debug|Any CPU
		{581F7450-B874-49B1-A329-38F9A0574CBE}.Release|Any CPU.ActiveCfg = Release|Any CPU
		{581F7450-B874-49B1-A329-38F9A0574CBE}.Release|Any CPU.Build.0 = Release|Any CPU
		{581F7450-B874-49B1-A329-38F9A0574CBE}.Release|ARM.ActiveCfg = Release|Any CPU
		{581F7450-B874-49B1-A329-38F9A0574CBE}.Release|ARM.Build.0 = Release|Any CPU
		{581F7450-B874-49B1-A329-38F9A0574CBE}.Release|ARM64.ActiveCfg = Release|Any CPU
		{581F7450-B874-49B1-A329-38F9A0574CBE}.Release|ARM64.Build.0 = Release|Any CPU
		{581F7450-B874-49B1-A329-38F9A0574CBE}.Release|x64.ActiveCfg = Release|Any CPU
		{581F7450-B874-49B1-A329-38F9A0574CBE}.Release|x64.Build.0 = Release|Any CPU
		{581F7450-B874-49B1-A329-38F9A0574CBE}.Release|x86.ActiveCfg = Release|Any CPU
		{581F7450-B874-49B1-A329-38F9A0574CBE}.Release|x86.Build.0 = Release|Any CPU
		{4BC670FD-B5CD-40DD-BE1B-1708C10B0AE0}.Debug|Any CPU.ActiveCfg = Debug|Any CPU
		{4BC670FD-B5CD-40DD-BE1B-1708C10B0AE0}.Debug|Any CPU.Build.0 = Debug|Any CPU
		{4BC670FD-B5CD-40DD-BE1B-1708C10B0AE0}.Debug|ARM.ActiveCfg = Debug|Any CPU
		{4BC670FD-B5CD-40DD-BE1B-1708C10B0AE0}.Debug|ARM.Build.0 = Debug|Any CPU
		{4BC670FD-B5CD-40DD-BE1B-1708C10B0AE0}.Debug|ARM64.ActiveCfg = Debug|Any CPU
		{4BC670FD-B5CD-40DD-BE1B-1708C10B0AE0}.Debug|ARM64.Build.0 = Debug|Any CPU
		{4BC670FD-B5CD-40DD-BE1B-1708C10B0AE0}.Debug|x64.ActiveCfg = Debug|Any CPU
		{4BC670FD-B5CD-40DD-BE1B-1708C10B0AE0}.Debug|x64.Build.0 = Debug|Any CPU
		{4BC670FD-B5CD-40DD-BE1B-1708C10B0AE0}.Debug|x86.ActiveCfg = Debug|Any CPU
		{4BC670FD-B5CD-40DD-BE1B-1708C10B0AE0}.Debug|x86.Build.0 = Debug|Any CPU
		{4BC670FD-B5CD-40DD-BE1B-1708C10B0AE0}.Release|Any CPU.ActiveCfg = Release|Any CPU
		{4BC670FD-B5CD-40DD-BE1B-1708C10B0AE0}.Release|Any CPU.Build.0 = Release|Any CPU
		{4BC670FD-B5CD-40DD-BE1B-1708C10B0AE0}.Release|ARM.ActiveCfg = Release|Any CPU
		{4BC670FD-B5CD-40DD-BE1B-1708C10B0AE0}.Release|ARM.Build.0 = Release|Any CPU
		{4BC670FD-B5CD-40DD-BE1B-1708C10B0AE0}.Release|ARM64.ActiveCfg = Release|Any CPU
		{4BC670FD-B5CD-40DD-BE1B-1708C10B0AE0}.Release|ARM64.Build.0 = Release|Any CPU
		{4BC670FD-B5CD-40DD-BE1B-1708C10B0AE0}.Release|x64.ActiveCfg = Release|Any CPU
		{4BC670FD-B5CD-40DD-BE1B-1708C10B0AE0}.Release|x64.Build.0 = Release|Any CPU
		{4BC670FD-B5CD-40DD-BE1B-1708C10B0AE0}.Release|x86.ActiveCfg = Release|Any CPU
		{4BC670FD-B5CD-40DD-BE1B-1708C10B0AE0}.Release|x86.Build.0 = Release|Any CPU
		{808DFDDE-A8C7-4B18-8D58-3AEB1177EC88}.Debug|Any CPU.ActiveCfg = Debug|Any CPU
		{808DFDDE-A8C7-4B18-8D58-3AEB1177EC88}.Debug|Any CPU.Build.0 = Debug|Any CPU
		{808DFDDE-A8C7-4B18-8D58-3AEB1177EC88}.Debug|ARM.ActiveCfg = Debug|Any CPU
		{808DFDDE-A8C7-4B18-8D58-3AEB1177EC88}.Debug|ARM.Build.0 = Debug|Any CPU
		{808DFDDE-A8C7-4B18-8D58-3AEB1177EC88}.Debug|ARM64.ActiveCfg = Debug|Any CPU
		{808DFDDE-A8C7-4B18-8D58-3AEB1177EC88}.Debug|ARM64.Build.0 = Debug|Any CPU
		{808DFDDE-A8C7-4B18-8D58-3AEB1177EC88}.Debug|x64.ActiveCfg = Debug|Any CPU
		{808DFDDE-A8C7-4B18-8D58-3AEB1177EC88}.Debug|x64.Build.0 = Debug|Any CPU
		{808DFDDE-A8C7-4B18-8D58-3AEB1177EC88}.Debug|x86.ActiveCfg = Debug|Any CPU
		{808DFDDE-A8C7-4B18-8D58-3AEB1177EC88}.Debug|x86.Build.0 = Debug|Any CPU
		{808DFDDE-A8C7-4B18-8D58-3AEB1177EC88}.Release|Any CPU.ActiveCfg = Release|Any CPU
		{808DFDDE-A8C7-4B18-8D58-3AEB1177EC88}.Release|Any CPU.Build.0 = Release|Any CPU
		{808DFDDE-A8C7-4B18-8D58-3AEB1177EC88}.Release|ARM.ActiveCfg = Release|Any CPU
		{808DFDDE-A8C7-4B18-8D58-3AEB1177EC88}.Release|ARM.Build.0 = Release|Any CPU
		{808DFDDE-A8C7-4B18-8D58-3AEB1177EC88}.Release|ARM64.ActiveCfg = Release|Any CPU
		{808DFDDE-A8C7-4B18-8D58-3AEB1177EC88}.Release|ARM64.Build.0 = Release|Any CPU
		{808DFDDE-A8C7-4B18-8D58-3AEB1177EC88}.Release|x64.ActiveCfg = Release|Any CPU
		{808DFDDE-A8C7-4B18-8D58-3AEB1177EC88}.Release|x64.Build.0 = Release|Any CPU
		{808DFDDE-A8C7-4B18-8D58-3AEB1177EC88}.Release|x86.ActiveCfg = Release|Any CPU
		{808DFDDE-A8C7-4B18-8D58-3AEB1177EC88}.Release|x86.Build.0 = Release|Any CPU
		{9810823C-91C0-4035-B9F0-AE7FD357BB22}.Debug|Any CPU.ActiveCfg = Debug|Any CPU
		{9810823C-91C0-4035-B9F0-AE7FD357BB22}.Debug|Any CPU.Build.0 = Debug|Any CPU
		{9810823C-91C0-4035-B9F0-AE7FD357BB22}.Debug|ARM.ActiveCfg = Debug|Any CPU
		{9810823C-91C0-4035-B9F0-AE7FD357BB22}.Debug|ARM.Build.0 = Debug|Any CPU
		{9810823C-91C0-4035-B9F0-AE7FD357BB22}.Debug|ARM64.ActiveCfg = Debug|Any CPU
		{9810823C-91C0-4035-B9F0-AE7FD357BB22}.Debug|ARM64.Build.0 = Debug|Any CPU
		{9810823C-91C0-4035-B9F0-AE7FD357BB22}.Debug|x64.ActiveCfg = Debug|Any CPU
		{9810823C-91C0-4035-B9F0-AE7FD357BB22}.Debug|x64.Build.0 = Debug|Any CPU
		{9810823C-91C0-4035-B9F0-AE7FD357BB22}.Debug|x86.ActiveCfg = Debug|Any CPU
		{9810823C-91C0-4035-B9F0-AE7FD357BB22}.Debug|x86.Build.0 = Debug|Any CPU
		{9810823C-91C0-4035-B9F0-AE7FD357BB22}.Release|Any CPU.ActiveCfg = Release|Any CPU
		{9810823C-91C0-4035-B9F0-AE7FD357BB22}.Release|Any CPU.Build.0 = Release|Any CPU
		{9810823C-91C0-4035-B9F0-AE7FD357BB22}.Release|ARM.ActiveCfg = Release|Any CPU
		{9810823C-91C0-4035-B9F0-AE7FD357BB22}.Release|ARM.Build.0 = Release|Any CPU
		{9810823C-91C0-4035-B9F0-AE7FD357BB22}.Release|ARM64.ActiveCfg = Release|Any CPU
		{9810823C-91C0-4035-B9F0-AE7FD357BB22}.Release|ARM64.Build.0 = Release|Any CPU
		{9810823C-91C0-4035-B9F0-AE7FD357BB22}.Release|x64.ActiveCfg = Release|Any CPU
		{9810823C-91C0-4035-B9F0-AE7FD357BB22}.Release|x64.Build.0 = Release|Any CPU
		{9810823C-91C0-4035-B9F0-AE7FD357BB22}.Release|x86.ActiveCfg = Release|Any CPU
		{9810823C-91C0-4035-B9F0-AE7FD357BB22}.Release|x86.Build.0 = Release|Any CPU
		{093F47EA-8F44-471B-B859-6DE8F010E329}.Debug|Any CPU.ActiveCfg = Debug|Any CPU
		{093F47EA-8F44-471B-B859-6DE8F010E329}.Debug|Any CPU.Build.0 = Debug|Any CPU
		{093F47EA-8F44-471B-B859-6DE8F010E329}.Debug|ARM.ActiveCfg = Debug|Any CPU
		{093F47EA-8F44-471B-B859-6DE8F010E329}.Debug|ARM.Build.0 = Debug|Any CPU
		{093F47EA-8F44-471B-B859-6DE8F010E329}.Debug|ARM64.ActiveCfg = Debug|Any CPU
		{093F47EA-8F44-471B-B859-6DE8F010E329}.Debug|ARM64.Build.0 = Debug|Any CPU
		{093F47EA-8F44-471B-B859-6DE8F010E329}.Debug|x64.ActiveCfg = Debug|Any CPU
		{093F47EA-8F44-471B-B859-6DE8F010E329}.Debug|x64.Build.0 = Debug|Any CPU
		{093F47EA-8F44-471B-B859-6DE8F010E329}.Debug|x86.ActiveCfg = Debug|Any CPU
		{093F47EA-8F44-471B-B859-6DE8F010E329}.Debug|x86.Build.0 = Debug|Any CPU
		{093F47EA-8F44-471B-B859-6DE8F010E329}.Release|Any CPU.ActiveCfg = Release|Any CPU
		{093F47EA-8F44-471B-B859-6DE8F010E329}.Release|Any CPU.Build.0 = Release|Any CPU
		{093F47EA-8F44-471B-B859-6DE8F010E329}.Release|ARM.ActiveCfg = Release|Any CPU
		{093F47EA-8F44-471B-B859-6DE8F010E329}.Release|ARM.Build.0 = Release|Any CPU
		{093F47EA-8F44-471B-B859-6DE8F010E329}.Release|ARM64.ActiveCfg = Release|Any CPU
		{093F47EA-8F44-471B-B859-6DE8F010E329}.Release|ARM64.Build.0 = Release|Any CPU
		{093F47EA-8F44-471B-B859-6DE8F010E329}.Release|x64.ActiveCfg = Release|Any CPU
		{093F47EA-8F44-471B-B859-6DE8F010E329}.Release|x64.Build.0 = Release|Any CPU
		{093F47EA-8F44-471B-B859-6DE8F010E329}.Release|x86.ActiveCfg = Release|Any CPU
		{093F47EA-8F44-471B-B859-6DE8F010E329}.Release|x86.Build.0 = Release|Any CPU
		{455C3597-905C-4AC5-9EA4-303D0384E0A4}.Debug|Any CPU.ActiveCfg = Debug|Any CPU
		{455C3597-905C-4AC5-9EA4-303D0384E0A4}.Debug|Any CPU.Build.0 = Debug|Any CPU
		{455C3597-905C-4AC5-9EA4-303D0384E0A4}.Debug|ARM.ActiveCfg = Debug|Any CPU
		{455C3597-905C-4AC5-9EA4-303D0384E0A4}.Debug|ARM.Build.0 = Debug|Any CPU
		{455C3597-905C-4AC5-9EA4-303D0384E0A4}.Debug|ARM64.ActiveCfg = Debug|Any CPU
		{455C3597-905C-4AC5-9EA4-303D0384E0A4}.Debug|ARM64.Build.0 = Debug|Any CPU
		{455C3597-905C-4AC5-9EA4-303D0384E0A4}.Debug|x64.ActiveCfg = Debug|Any CPU
		{455C3597-905C-4AC5-9EA4-303D0384E0A4}.Debug|x64.Build.0 = Debug|Any CPU
		{455C3597-905C-4AC5-9EA4-303D0384E0A4}.Debug|x86.ActiveCfg = Debug|Any CPU
		{455C3597-905C-4AC5-9EA4-303D0384E0A4}.Debug|x86.Build.0 = Debug|Any CPU
		{455C3597-905C-4AC5-9EA4-303D0384E0A4}.Release|Any CPU.ActiveCfg = Release|Any CPU
		{455C3597-905C-4AC5-9EA4-303D0384E0A4}.Release|Any CPU.Build.0 = Release|Any CPU
		{455C3597-905C-4AC5-9EA4-303D0384E0A4}.Release|ARM.ActiveCfg = Release|Any CPU
		{455C3597-905C-4AC5-9EA4-303D0384E0A4}.Release|ARM.Build.0 = Release|Any CPU
		{455C3597-905C-4AC5-9EA4-303D0384E0A4}.Release|ARM64.ActiveCfg = Release|Any CPU
		{455C3597-905C-4AC5-9EA4-303D0384E0A4}.Release|ARM64.Build.0 = Release|Any CPU
		{455C3597-905C-4AC5-9EA4-303D0384E0A4}.Release|x64.ActiveCfg = Release|Any CPU
		{455C3597-905C-4AC5-9EA4-303D0384E0A4}.Release|x64.Build.0 = Release|Any CPU
		{455C3597-905C-4AC5-9EA4-303D0384E0A4}.Release|x86.ActiveCfg = Release|Any CPU
		{455C3597-905C-4AC5-9EA4-303D0384E0A4}.Release|x86.Build.0 = Release|Any CPU
	EndGlobalSection
	GlobalSection(SolutionProperties) = preSolution
		HideSolutionNode = FALSE
	EndGlobalSection
	GlobalSection(ExtensibilityGlobals) = postSolution
		SolutionGuid = {5A93A5A5-7D67-4316-8A8C-F9638294E7DF}
	EndGlobalSection
	GlobalSection(NestedProjects) = preSolution
		{455C3597-905C-4AC5-9EA4-303D0384E0A4} = {041FF3B5-C523-45DF-8BBD-577FEA0388DC}
	EndGlobalSection
EndGlobal
